
Microsoft Visual Studio Solution File, Format Version 12.00
# Visual Studio 15
VisualStudioVersion = 15.0.28307.329
MinimumVisualStudioVersion = 10.0.40219.1
Project("{9A19103F-16F7-4668-BE54-9A1E7A4F7556}") = "Multithreading.Patterns", "Multithreading\Multithreading.Patterns.csproj", "{2A857A3B-14E4-4F72-8636-597CC95A6F5A}"
EndProject
Global
	GlobalSection(SolutionConfigurationPlatforms) = preSolution
		Debug|Any CPU = Debug|Any CPU
		Release|Any CPU = Release|Any CPU
	EndGlobalSection
	GlobalSection(ProjectConfigurationPlatforms) = postSolution
		{2A857A3B-14E4-4F72-8636-597CC95A6F5A}.Debug|Any CPU.ActiveCfg = Debug|Any CPU
		{2A857A3B-14E4-4F72-8636-597CC95A6F5A}.Debug|Any CPU.Build.0 = Debug|Any CPU
		{2A857A3B-14E4-4F72-8636-597CC95A6F5A}.Release|Any CPU.ActiveCfg = Release|Any CPU
		{2A857A3B-14E4-4F72-8636-597CC95A6F5A}.Release|Any CPU.Build.0 = Release|Any CPU
	EndGlobalSection
	GlobalSection(SolutionProperties) = preSolution
		HideSolutionNode = FALSE
	EndGlobalSection
	GlobalSection(ExtensibilityGlobals) = postSolution
		SolutionGuid = {7EAB81DA-7521-4A40-B554-92339AF1873C}
	EndGlobalSection
EndGlobal
